{
  "originHash" : "bd7474d60b3768b81dbcbee71cad02d01b071491035e620a1f3e7b1b0308e906",
  "pins" : [
    {
      "identity" : "mousetrackingmodifier.swiftpackage",
      "kind" : "remoteSourceControl",
      "location" : "https://github.com/NewChromantics/MouseTrackingModifier.SwiftPackage",
      "state" : {
        "branch" : "main",
        "revision" : "862a4e19d534902143ee031fbebbef3b70b4d6f0"
      }
    }
  ],
  "version" : 3
}
